// !$*UTF8*$!
{
	archiveVersion = 1;
	classes = {
	};
	objectVersion = 50;
	objects = {

/* Begin PBXBuildFile section */
		A25885BD232D474300BD61F6 /* AppDelegate.swift in Sources */ = {isa = PBXBuildFile; fileRef = A25885BC232D474300BD61F6 /* AppDelegate.swift */; };
		A25885BF232D474300BD61F6 /* ViewController.swift in Sources */ = {isa = PBXBuildFile; fileRef = A25885BE232D474300BD61F6 /* ViewController.swift */; };
		A25885C2232D474300BD61F6 /* Main.storyboard in Resources */ = {isa = PBXBuildFile; fileRef = A25885C0232D474300BD61F6 /* Main.storyboard */; };
		A25885C4232D474500BD61F6 /* Assets.xcassets in Resources */ = {isa = PBXBuildFile; fileRef = A25885C3232D474500BD61F6 /* Assets.xcassets */; };
		A25885C7232D474500BD61F6 /* LaunchScreen.storyboard in Resources */ = {isa = PBXBuildFile; fileRef = A25885C5232D474500BD61F6 /* LaunchScreen.storyboard */; };
		A25885D2232D474500BD61F6 /* TorreTests.swift in Sources */ = {isa = PBXBuildFile; fileRef = A25885D1232D474500BD61F6 /* TorreTests.swift */; };
		A25885DD232D474500BD61F6 /* TorreUITests.swift in Sources */ = {isa = PBXBuildFile; fileRef = A25885DC232D474500BD61F6 /* TorreUITests.swift */; };
/* End PBXBuildFile section */

/* Begin PBXContainerItemProxy section */
		A25885CE232D474500BD61F6 /* PBXContainerItemProxy */ = {
			isa = PBXContainerItemProxy;
			containerPortal = A25885B1232D474300BD61F6 /* Project object */;
			proxyType = 1;
			remoteGlobalIDString = A25885B8232D474300BD61F6;
			remoteInfo = Torre;
		};
		A25885D9232D474500BD61F6 /* PBXContainerItemProxy */ = {
			isa = PBXContainerItemProxy;
			containerPortal = A25885B1232D474300BD61F6 /* Project object */;
			proxyType = 1;
			remoteGlobalIDString = A25885B8232D474300BD61F6;
			remoteInfo = Torre;
		};
/* End PBXContainerItemProxy section */

/* Begin PBXFileReference section */
		A25885B9232D474300BD61F6 /* Torre.app */ = {isa = PBXFileReference; explicitFileType = wrapper.application; includeInIndex = 0; path = Torre.app; sourceTree = BUILT_PRODUCTS_DIR; };
		A25885BC232D474300BD61F6 /* AppDelegate.swift */ = {isa = PBXFileReference; lastKnownFileType = sourcecode.swift; path = AppDelegate.swift; sourceTree = "<group>"; };
		A25885BE232D474300BD61F6 /* ViewController.swift */ = {isa = PBXFileReference; lastKnownFileType = sourcecode.swift; path = ViewController.swift; sourceTree = "<group>"; };
		A25885C1232D474300BD61F6 /* Base */ = {isa = PBXFileReference; lastKnownFileType = file.storyboard; name = Base; path = Base.lproj/Main.storyboard; sourceTree = "<group>"; };
		A25885C3232D474500BD61F6 /* Assets.xcassets */ = {isa = PBXFileReference; lastKnownFileType = folder.assetcatalog; path = Assets.xcassets; sourceTree = "<group>"; };
		A25885C6232D474500BD61F6 /* Base */ = {isa = PBXFileReference; lastKnownFileType = file.storyboard; name = Base; path = Base.lproj/LaunchScreen.storyboard; sourceTree = "<group>"; };
		A25885C8232D474500BD61F6 /* Info.plist */ = {isa = PBXFileReference; lastKnownFileType = text.plist.xml; path = Info.plist; sourceTree = "<group>"; };
		A25885CD232D474500BD61F6 /* TorreTests.xctest */ = {isa = PBXFileReference; explicitFileType = wrapper.cfbundle; includeInIndex = 0; path = TorreTests.xctest; sourceTree = BUILT_PRODUCTS_DIR; };
		A25885D1232D474500BD61F6 /* TorreTests.swift */ = {isa = PBXFileReference; lastKnownFileType = sourcecode.swift; path = TorreTests.swift; sourceTree = "<group>"; };
		A25885D3232D474500BD61F6 /* Info.plist */ = {isa = PBXFileReference; lastKnownFileType = text.plist.xml; path = Info.plist; sourceTree = "<group>"; };
		A25885D8232D474500BD61F6 /* TorreUITests.xctest */ = {isa = PBXFileReference; explicitFileType = wrapper.cfbundle; includeInIndex = 0; path = TorreUITests.xctest; sourceTree = BUILT_PRODUCTS_DIR; };
		A25885DC232D474500BD61F6 /* TorreUITests.swift */ = {isa = PBXFileReference; lastKnownFileType = sourcecode.swift; path = TorreUITests.swift; sourceTree = "<group>"; };
		A25885DE232D474500BD61F6 /* Info.plist */ = {isa = PBXFileReference; lastKnownFileType = text.plist.xml; path = Info.plist; sourceTree = "<group>"; };
/* End PBXFileReference section */

/* Begin PBXFrameworksBuildPhase section */
		A25885B6232D474300BD61F6 /* Frameworks */ = {
			isa = PBXFrameworksBuildPhase;
			buildActionMask = 2147483647;
			files = (
			);
			runOnlyForDeploymentPostprocessing = 0;
		};
		A25885CA232D474500BD61F6 /* Frameworks */ = {
			isa = PBXFrameworksBuildPhase;
			buildActionMask = 2147483647;
			files = (
			);
			runOnlyForDeploymentPostprocessing = 0;
		};
		A25885D5232D474500BD61F6 /* Frameworks */ = {
			isa = PBXFrameworksBuildPhase;
			buildActionMask = 2147483647;
			files = (
			);
			runOnlyForDeploymentPostprocessing = 0;
		};
/* End PBXFrameworksBuildPhase section */

/* Begin PBXGroup section */
		A25885B0232D474300BD61F6 = {
			isa = PBXGroup;
			children = (
				A25885BB232D474300BD61F6 /* Torre */,
				A25885D0232D474500BD61F6 /* TorreTests */,
				A25885DB232D474500BD61F6 /* TorreUITests */,
				A25885BA232D474300BD61F6 /* Products */,
			);
			sourceTree = "<group>";
		};
		A25885BA232D474300BD61F6 /* Products */ = {
			isa = PBXGroup;
			children = (
				A25885B9232D474300BD61F6 /* Torre.app */,
				A25885CD232D474500BD61F6 /* TorreTests.xctest */,
				A25885D8232D474500BD61F6 /* TorreUITests.xctest */,
			);
			name = Products;
			sourceTree = "<group>";
		};
		A25885BB232D474300BD61F6 /* Torre */ = {
			isa = PBXGroup;
			children = (
				A25885F1232D484800BD61F6 /* AppDelegate */,
				A25885EA232D47FD00BD61F6 /* Coordinator */,
				A25885EB232D480500BD61F6 /* Extensions */,
				A25885EC232D480900BD61F6 /* Helpers */,
				A25885ED232D481200BD61F6 /* Model */,
				A25885F0232D482200BD61F6 /* Service */,
				A25885EF232D481900BD61F6 /* ViewModel */,
				A25885EE232D481600BD61F6 /* View */,
				A25885BE232D474300BD61F6 /* ViewController.swift */,
				A25885C0232D474300BD61F6 /* Main.storyboard */,
				A25885C3232D474500BD61F6 /* Assets.xcassets */,
				A25885C5232D474500BD61F6 /* LaunchScreen.storyboard */,
				A25885C8232D474500BD61F6 /* Info.plist */,
			);
			path = Torre;
			sourceTree = "<group>";
		};
		A25885D0232D474500BD61F6 /* TorreTests */ = {
			isa = PBXGroup;
			children = (
				A25885D1232D474500BD61F6 /* TorreTests.swift */,
				A25885D3232D474500BD61F6 /* Info.plist */,
			);
			path = TorreTests;
			sourceTree = "<group>";
		};
		A25885DB232D474500BD61F6 /* TorreUITests */ = {
			isa = PBXGroup;
			children = (
				A25885DC232D474500BD61F6 /* TorreUITests.swift */,
				A25885DE232D474500BD61F6 /* Info.plist */,
			);
			path = TorreUITests;
			sourceTree = "<group>";
		};
		A25885EA232D47FD00BD61F6 /* Coordinator */ = {
			isa = PBXGroup;
			children = (
			);
			path = Coordinator;
			sourceTree = "<group>";
		};
		A25885EB232D480500BD61F6 /* Extensions */ = {
			isa = PBXGroup;
			children = (
			);
			path = Extensions;
			sourceTree = "<group>";
		};
		A25885EC232D480900BD61F6 /* Helpers */ = {
			isa = PBXGroup;
			children = (
			);
			path = Helpers;
			sourceTree = "<group>";
		};
		A25885ED232D481200BD61F6 /* Model */ = {
			isa = PBXGroup;
			children = (
			);
			path = Model;
			sourceTree = "<group>";
		};
		A25885EE232D481600BD61F6 /* View */ = {
			isa = PBXGroup;
			children = (
			);
			path = View;
			sourceTree = "<group>";
		};
		A25885EF232D481900BD61F6 /* ViewModel */ = {
			isa = PBXGroup;
			children = (
			);
			path = ViewModel;
			sourceTree = "<group>";
		};
		A25885F0232D482200BD61F6 /* Service */ = {
			isa = PBXGroup;
			children = (
			);
			path = Service;
			sourceTree = "<group>";
		};
		A25885F1232D484800BD61F6 /* AppDelegate */ = {
			isa = PBXGroup;
			children = (
				A25885BC232D474300BD61F6 /* AppDelegate.swift */,
			);
			path = AppDelegate;
			sourceTree = "<group>";
		};
/* End PBXGroup section */

/* Begin PBXNativeTarget section */
		A25885B8232D474300BD61F6 /* Torre */ = {
			isa = PBXNativeTarget;
			buildConfigurationList = A25885E1232D474500BD61F6 /* Build configuration list for PBXNativeTarget "Torre" */;
			buildPhases = (
				A25885B5232D474300BD61F6 /* Sources */,
				A25885B6232D474300BD61F6 /* Frameworks */,
				A25885B7232D474300BD61F6 /* Resources */,
			);
			buildRules = (
			);
			dependencies = (
			);
			name = Torre;
			productName = Torre;
			productReference = A25885B9232D474300BD61F6 /* Torre.app */;
			productType = "com.apple.product-type.application";
		};
		A25885CC232D474500BD61F6 /* TorreTests */ = {
			isa = PBXNativeTarget;
			buildConfigurationList = A25885E4232D474500BD61F6 /* Build configuration list for PBXNativeTarget "TorreTests" */;
			buildPhases = (
				A25885C9232D474500BD61F6 /* Sources */,
				A25885CA232D474500BD61F6 /* Frameworks */,
				A25885CB232D474500BD61F6 /* Resources */,
			);
			buildRules = (
			);
			dependencies = (
				A25885CF232D474500BD61F6 /* PBXTargetDependency */,
			);
			name = TorreTests;
			productName = TorreTests;
			productReference = A25885CD232D474500BD61F6 /* TorreTests.xctest */;
			productType = "com.apple.product-type.bundle.unit-test";
		};
		A25885D7232D474500BD61F6 /* TorreUITests */ = {
			isa = PBXNativeTarget;
			buildConfigurationList = A25885E7232D474500BD61F6 /* Build configuration list for PBXNativeTarget "TorreUITests" */;
			buildPhases = (
				A25885D4232D474500BD61F6 /* Sources */,
				A25885D5232D474500BD61F6 /* Frameworks */,
				A25885D6232D474500BD61F6 /* Resources */,
			);
			buildRules = (
			);
			dependencies = (
				A25885DA232D474500BD61F6 /* PBXTargetDependency */,
			);
			name = TorreUITests;
			productName = TorreUITests;
			productReference = A25885D8232D474500BD61F6 /* TorreUITests.xctest */;
			productType = "com.apple.product-type.bundle.ui-testing";
		};
/* End PBXNativeTarget section */

/* Begin PBXProject section */
		A25885B1232D474300BD61F6 /* Project object */ = {
			isa = PBXProject;
			attributes = {
				LastSwiftUpdateCheck = 1030;
				LastUpgradeCheck = 1030;
				ORGANIZATIONNAME = "Fernando Gallo";
				TargetAttributes = {
					A25885B8232D474300BD61F6 = {
						CreatedOnToolsVersion = 10.3;
					};
					A25885CC232D474500BD61F6 = {
						CreatedOnToolsVersion = 10.3;
						TestTargetID = A25885B8232D474300BD61F6;
					};
					A25885D7232D474500BD61F6 = {
						CreatedOnToolsVersion = 10.3;
						TestTargetID = A25885B8232D474300BD61F6;
					};
				};
			};
			buildConfigurationList = A25885B4232D474300BD61F6 /* Build configuration list for PBXProject "Torre" */;
			compatibilityVersion = "Xcode 9.3";
			developmentRegion = en;
			hasScannedForEncodings = 0;
			knownRegions = (
				en,
				Base,
			);
			mainGroup = A25885B0232D474300BD61F6;
			productRefGroup = A25885BA232D474300BD61F6 /* Products */;
			projectDirPath = "";
			projectRoot = "";
			targets = (
				A25885B8232D474300BD61F6 /* Torre */,
				A25885CC232D474500BD61F6 /* TorreTests */,
				A25885D7232D474500BD61F6 /* TorreUITests */,
			);
		};
/* End PBXProject section */

/* Begin PBXResourcesBuildPhase section */
		A25885B7232D474300BD61F6 /* Resources */ = {
			isa = PBXResourcesBuildPhase;
			buildActionMask = 2147483647;
			files = (
				A25885C7232D474500BD61F6 /* LaunchScreen.storyboard in Resources */,
				A25885C4232D474500BD61F6 /* Assets.xcassets in Resources */,
				A25885C2232D474300BD61F6 /* Main.storyboard in Resources */,
			);
			runOnlyForDeploymentPostprocessing = 0;
		};
		A25885CB232D474500BD61F6 /* Resources */ = {
			isa = PBXResourcesBuildPhase;
			buildActionMask = 2147483647;
			files = (
			);
			runOnlyForDeploymentPostprocessing = 0;
		};
		A25885D6232D474500BD61F6 /* Resources */ = {
			isa = PBXResourcesBuildPhase;
			buildActionMask = 2147483647;
			files = (
			);
			runOnlyForDeploymentPostprocessing = 0;
		};
/* End PBXResourcesBuildPhase section */

/* Begin PBXSourcesBuildPhase section */
		A25885B5232D474300BD61F6 /* Sources */ = {
			isa = PBXSourcesBuildPhase;
			buildActionMask = 2147483647;
			files = (
				A25885BF232D474300BD61F6 /* ViewController.swift in Sources */,
				A25885BD232D474300BD61F6 /* AppDelegate.swift in Sources */,
			);
			runOnlyForDeploymentPostprocessing = 0;
		};
		A25885C9232D474500BD61F6 /* Sources */ = {
			isa = PBXSourcesBuildPhase;
			buildActionMask = 2147483647;
			files = (
				A25885D2232D474500BD61F6 /* TorreTests.swift in Sources */,
			);
			runOnlyForDeploymentPostprocessing = 0;
		};
		A25885D4232D474500BD61F6 /* Sources */ = {
			isa = PBXSourcesBuildPhase;
			buildActionMask = 2147483647;
			files = (
				A25885DD232D474500BD61F6 /* TorreUITests.swift in Sources */,
			);
			runOnlyForDeploymentPostprocessing = 0;
		};
/* End PBXSourcesBuildPhase section */

/* Begin PBXTargetDependency section */
		A25885CF232D474500BD61F6 /* PBXTargetDependency */ = {
			isa = PBXTargetDependency;
			target = A25885B8232D474300BD61F6 /* Torre */;
			targetProxy = A25885CE232D474500BD61F6 /* PBXContainerItemProxy */;
		};
		A25885DA232D474500BD61F6 /* PBXTargetDependency */ = {
			isa = PBXTargetDependency;
			target = A25885B8232D474300BD61F6 /* Torre */;
			targetProxy = A25885D9232D474500BD61F6 /* PBXContainerItemProxy */;
		};
/* End PBXTargetDependency section */

/* Begin PBXVariantGroup section */
		A25885C0232D474300BD61F6 /* Main.storyboard */ = {
			isa = PBXVariantGroup;
			children = (
				A25885C1232D474300BD61F6 /* Base */,
			);
			name = Main.storyboard;
			sourceTree = "<group>";
		};
		A25885C5232D474500BD61F6 /* LaunchScreen.storyboard */ = {
			isa = PBXVariantGroup;
			children = (
				A25885C6232D474500BD61F6 /* Base */,
			);
			name = LaunchScreen.storyboard;
			sourceTree = "<group>";
		};
/* End PBXVariantGroup section */

/* Begin XCBuildConfiguration section */
		A25885DF232D474500BD61F6 /* Debug */ = {
			isa = XCBuildConfiguration;
			buildSettings = {
				ALWAYS_SEARCH_USER_PATHS = NO;
				CLANG_ANALYZER_NONNULL = YES;
				CLANG_ANALYZER_NUMBER_OBJECT_CONVERSION = YES_AGGRESSIVE;
				CLANG_CXX_LANGUAGE_STANDARD = "gnu++14";
				CLANG_CXX_LIBRARY = "libc++";
				CLANG_ENABLE_MODULES = YES;
				CLANG_ENABLE_OBJC_ARC = YES;
				CLANG_ENABLE_OBJC_WEAK = YES;
				CLANG_WARN_BLOCK_CAPTURE_AUTORELEASING = YES;
				CLANG_WARN_BOOL_CONVERSION = YES;
				CLANG_WARN_COMMA = YES;
				CLANG_WARN_CONSTANT_CONVERSION = YES;
				CLANG_WARN_DEPRECATED_OBJC_IMPLEMENTATIONS = YES;
				CLANG_WARN_DIRECT_OBJC_ISA_USAGE = YES_ERROR;
				CLANG_WARN_DOCUMENTATION_COMMENTS = YES;
				CLANG_WARN_EMPTY_BODY = YES;
				CLANG_WARN_ENUM_CONVERSION = YES;
				CLANG_WARN_INFINITE_RECURSION = YES;
				CLANG_WARN_INT_CONVERSION = YES;
				CLANG_WARN_NON_LITERAL_NULL_CONVERSION = YES;
				CLANG_WARN_OBJC_IMPLICIT_RETAIN_SELF = YES;
				CLANG_WARN_OBJC_LITERAL_CONVERSION = YES;
				CLANG_WARN_OBJC_ROOT_CLASS = YES_ERROR;
				CLANG_WARN_RANGE_LOOP_ANALYSIS = YES;
				CLANG_WARN_STRICT_PROTOTYPES = YES;
				CLANG_WARN_SUSPICIOUS_MOVE = YES;
				CLANG_WARN_UNGUARDED_AVAILABILITY = YES_AGGRESSIVE;
				CLANG_WARN_UNREACHABLE_CODE = YES;
				CLANG_WARN__DUPLICATE_METHOD_MATCH = YES;
				CODE_SIGN_IDENTITY = "iPhone Developer";
				COPY_PHASE_STRIP = NO;
				DEBUG_INFORMATION_FORMAT = dwarf;
				ENABLE_STRICT_OBJC_MSGSEND = YES;
				ENABLE_TESTABILITY = YES;
				GCC_C_LANGUAGE_STANDARD = gnu11;
				GCC_DYNAMIC_NO_PIC = NO;
				GCC_NO_COMMON_BLOCKS = YES;
				GCC_OPTIMIZATION_LEVEL = 0;
				GCC_PREPROCESSOR_DEFINITIONS = (
					"DEBUG=1",
					"$(inherited)",
				);
				GCC_WARN_64_TO_32_BIT_CONVERSION = YES;
				GCC_WARN_ABOUT_RETURN_TYPE = YES_ERROR;
				GCC_WARN_UNDECLARED_SELECTOR = YES;
				GCC_WARN_UNINITIALIZED_AUTOS = YES_AGGRESSIVE;
				GCC_WARN_UNUSED_FUNCTION = YES;
				GCC_WARN_UNUSED_VARIABLE = YES;
				IPHONEOS_DEPLOYMENT_TARGET = 12.4;
				MTL_ENABLE_DEBUG_INFO = INCLUDE_SOURCE;
				MTL_FAST_MATH = YES;
				ONLY_ACTIVE_ARCH = YES;
				SDKROOT = iphoneos;
				SWIFT_ACTIVE_COMPILATION_CONDITIONS = DEBUG;
				SWIFT_OPTIMIZATION_LEVEL = "-Onone";
			};
			name = Debug;
		};
		A25885E0232D474500BD61F6 /* Release */ = {
			isa = XCBuildConfiguration;
			buildSettings = {
				ALWAYS_SEARCH_USER_PATHS = NO;
				CLANG_ANALYZER_NONNULL = YES;
				CLANG_ANALYZER_NUMBER_OBJECT_CONVERSION = YES_AGGRESSIVE;
				CLANG_CXX_LANGUAGE_STANDARD = "gnu++14";
				CLANG_CXX_LIBRARY = "libc++";
				CLANG_ENABLE_MODULES = YES;
				CLANG_ENABLE_OBJC_ARC = YES;
				CLANG_ENABLE_OBJC_WEAK = YES;
				CLANG_WARN_BLOCK_CAPTURE_AUTORELEASING = YES;
				CLANG_WARN_BOOL_CONVERSION = YES;
				CLANG_WARN_COMMA = YES;
				CLANG_WARN_CONSTANT_CONVERSION = YES;
				CLANG_WARN_DEPRECATED_OBJC_IMPLEMENTATIONS = YES;
				CLANG_WARN_DIRECT_OBJC_ISA_USAGE = YES_ERROR;
				CLANG_WARN_DOCUMENTATION_COMMENTS = YES;
				CLANG_WARN_EMPTY_BODY = YES;
				CLANG_WARN_ENUM_CONVERSION = YES;
				CLANG_WARN_INFINITE_RECURSION = YES;
				CLANG_WARN_INT_CONVERSION = YES;
				CLANG_WARN_NON_LITERAL_NULL_CONVERSION = YES;
				CLANG_WARN_OBJC_IMPLICIT_RETAIN_SELF = YES;
				CLANG_WARN_OBJC_LITERAL_CONVERSION = YES;
				CLANG_WARN_OBJC_ROOT_CLASS = YES_ERROR;
				CLANG_WARN_RANGE_LOOP_ANALYSIS = YES;
				CLANG_WARN_STRICT_PROTOTYPES = YES;
				CLANG_WARN_SUSPICIOUS_MOVE = YES;
				CLANG_WARN_UNGUARDED_AVAILABILITY = YES_AGGRESSIVE;
				CLANG_WARN_UNREACHABLE_CODE = YES;
				CLANG_WARN__DUPLICATE_METHOD_MATCH = YES;
				CODE_SIGN_IDENTITY = "iPhone Developer";
				COPY_PHASE_STRIP = NO;
				DEBUG_INFORMATION_FORMAT = "dwarf-with-dsym";
				ENABLE_NS_ASSERTIONS = NO;
				ENABLE_STRICT_OBJC_MSGSEND = YES;
				GCC_C_LANGUAGE_STANDARD = gnu11;
				GCC_NO_COMMON_BLOCKS = YES;
				GCC_WARN_64_TO_32_BIT_CONVERSION = YES;
				GCC_WARN_ABOUT_RETURN_TYPE = YES_ERROR;
				GCC_WARN_UNDECLARED_SELECTOR = YES;
				GCC_WARN_UNINITIALIZED_AUTOS = YES_AGGRESSIVE;
				GCC_WARN_UNUSED_FUNCTION = YES;
				GCC_WARN_UNUSED_VARIABLE = YES;
				IPHONEOS_DEPLOYMENT_TARGET = 12.4;
				MTL_ENABLE_DEBUG_INFO = NO;
				MTL_FAST_MATH = YES;
				SDKROOT = iphoneos;
				SWIFT_COMPILATION_MODE = wholemodule;
				SWIFT_OPTIMIZATION_LEVEL = "-O";
				VALIDATE_PRODUCT = YES;
			};
			name = Release;
		};
		A25885E2232D474500BD61F6 /* Debug */ = {
			isa = XCBuildConfiguration;
			buildSettings = {
				ASSETCATALOG_COMPILER_APPICON_NAME = AppIcon;
				CODE_SIGN_STYLE = Automatic;
				INFOPLIST_FILE = Torre/Info.plist;
				LD_RUNPATH_SEARCH_PATHS = (
					"$(inherited)",
					"@executable_path/Frameworks",
				);
				PRODUCT_BUNDLE_IDENTIFIER = fernandogallo.Torre;
				PRODUCT_NAME = "$(TARGET_NAME)";
				SWIFT_VERSION = 5.0;
				TARGETED_DEVICE_FAMILY = "1,2";
			};
			name = Debug;
		};
		A25885E3232D474500BD61F6 /* Release */ = {
			isa = XCBuildConfiguration;
			buildSettings = {
				ASSETCATALOG_COMPILER_APPICON_NAME = AppIcon;
				CODE_SIGN_STYLE = Automatic;
				INFOPLIST_FILE = Torre/Info.plist;
				LD_RUNPATH_SEARCH_PATHS = (
					"$(inherited)",
					"@executable_path/Frameworks",
				);
				PRODUCT_BUNDLE_IDENTIFIER = fernandogallo.Torre;
				PRODUCT_NAME = "$(TARGET_NAME)";
				SWIFT_VERSION = 5.0;
				TARGETED_DEVICE_FAMILY = "1,2";
			};
			name = Release;
		};
		A25885E5232D474500BD61F6 /* Debug */ = {
			isa = XCBuildConfiguration;
			buildSettings = {
				ALWAYS_EMBED_SWIFT_STANDARD_LIBRARIES = YES;
				BUNDLE_LOADER = "$(TEST_HOST)";
				CODE_SIGN_STYLE = Automatic;
				INFOPLIST_FILE = TorreTests/Info.plist;
				LD_RUNPATH_SEARCH_PATHS = (
					"$(inherited)",
					"@executable_path/Frameworks",
					"@loader_path/Frameworks",
				);
				PRODUCT_BUNDLE_IDENTIFIER = fernandogallo.TorreTests;
				PRODUCT_NAME = "$(TARGET_NAME)";
				SWIFT_VERSION = 5.0;
				TARGETED_DEVICE_FAMILY = "1,2";
				TEST_HOST = "$(BUILT_PRODUCTS_DIR)/Torre.app/Torre";
			};
			name = Debug;
		};
		A25885E6232D474500BD61F6 /* Release */ = {
			isa = XCBuildConfiguration;
			buildSettings = {
				ALWAYS_EMBED_SWIFT_STANDARD_LIBRARIES = YES;
				BUNDLE_LOADER = "$(TEST_HOST)";
				CODE_SIGN_STYLE = Automatic;
				INFOPLIST_FILE = TorreTests/Info.plist;
				LD_RUNPATH_SEARCH_PATHS = (
					"$(inherited)",
					"@executable_path/Frameworks",
					"@loader_path/Frameworks",
				);
				PRODUCT_BUNDLE_IDENTIFIER = fernandogallo.TorreTests;
				PRODUCT_NAME = "$(TARGET_NAME)";
				SWIFT_VERSION = 5.0;
				TARGETED_DEVICE_FAMILY = "1,2";
				TEST_HOST = "$(BUILT_PRODUCTS_DIR)/Torre.app/Torre";
			};
			name = Release;
		};
		A25885E8232D474500BD61F6 /* Debug */ = {
			isa = XCBuildConfiguration;
			buildSettings = {
				ALWAYS_EMBED_SWIFT_STANDARD_LIBRARIES = YES;
				CODE_SIGN_STYLE = Automatic;
				INFOPLIST_FILE = TorreUITests/Info.plist;
				LD_RUNPATH_SEARCH_PATHS = (
					"$(inherited)",
					"@executable_path/Frameworks",
					"@loader_path/Frameworks",
				);
				PRODUCT_BUNDLE_IDENTIFIER = fernandogallo.TorreUITests;
				PRODUCT_NAME = "$(TARGET_NAME)";
				SWIFT_VERSION = 5.0;
				TARGETED_DEVICE_FAMILY = "1,2";
				TEST_TARGET_NAME = Torre;
			};
			name = Debug;
		};
		A25885E9232D474500BD61F6 /* Release */ = {
			isa = XCBuildConfiguration;
			buildSettings = {
				ALWAYS_EMBED_SWIFT_STANDARD_LIBRARIES = YES;
				CODE_SIGN_STYLE = Automatic;
				INFOPLIST_FILE = TorreUITests/Info.plist;
				LD_RUNPATH_SEARCH_PATHS = (
					"$(inherited)",
					"@executable_path/Frameworks",
					"@loader_path/Frameworks",
				);
				PRODUCT_BUNDLE_IDENTIFIER = fernandogallo.TorreUITests;
				PRODUCT_NAME = "$(TARGET_NAME)";
				SWIFT_VERSION = 5.0;
				TARGETED_DEVICE_FAMILY = "1,2";
				TEST_TARGET_NAME = Torre;
			};
			name = Release;
		};
/* End XCBuildConfiguration section */

/* Begin XCConfigurationList section */
		A25885B4232D474300BD61F6 /* Build configuration list for PBXProject "Torre" */ = {
			isa = XCConfigurationList;
			buildConfigurations = (
				A25885DF232D474500BD61F6 /* Debug */,
				A25885E0232D474500BD61F6 /* Release */,
			);
			defaultConfigurationIsVisible = 0;
			defaultConfigurationName = Release;
		};
		A25885E1232D474500BD61F6 /* Build configuration list for PBXNativeTarget "Torre" */ = {
			isa = XCConfigurationList;
			buildConfigurations = (
				A25885E2232D474500BD61F6 /* Debug */,
				A25885E3232D474500BD61F6 /* Release */,
			);
			defaultConfigurationIsVisible = 0;
			defaultConfigurationName = Release;
		};
		A25885E4232D474500BD61F6 /* Build configuration list for PBXNativeTarget "TorreTests" */ = {
			isa = XCConfigurationList;
			buildConfigurations = (
				A25885E5232D474500BD61F6 /* Debug */,
				A25885E6232D474500BD61F6 /* Release */,
			);
			defaultConfigurationIsVisible = 0;
			defaultConfigurationName = Release;
		};
		A25885E7232D474500BD61F6 /* Build configuration list for PBXNativeTarget "TorreUITests" */ = {
			isa = XCConfigurationList;
			buildConfigurations = (
				A25885E8232D474500BD61F6 /* Debug */,
				A25885E9232D474500BD61F6 /* Release */,
			);
			defaultConfigurationIsVisible = 0;
			defaultConfigurationName = Release;
		};
/* End XCConfigurationList section */
	};
	rootObject = A25885B1232D474300BD61F6 /* Project object */;
}
